
Microsoft Visual Studio Solution File, Format Version 12.00
# Visual Studio Version 17
VisualStudioVersion = 17.0.31912.275
MinimumVisualStudioVersion = 10.0.40219.1
Project("{FAE04EC0-301F-11D3-BF4B-00C04F79EFBC}") = "IfElse", "IfElse\IfElse.csproj", "{BAEAACC9-9571-47AB-BECB-85A6FF93F348}"
EndProject
Global
	GlobalSection(SolutionConfigurationPlatforms) = preSolution
		Debug|Any CPU = Debug|Any CPU
		Release|Any CPU = Release|Any CPU
	EndGlobalSection
	GlobalSection(ProjectConfigurationPlatforms) = postSolution
		{BAEAACC9-9571-47AB-BECB-85A6FF93F348}.Debug|Any CPU.ActiveCfg = Debug|Any CPU
		{BAEAACC9-9571-47AB-BECB-85A6FF93F348}.Debug|Any CPU.Build.0 = Debug|Any CPU
		{BAEAACC9-9571-47AB-BECB-85A6FF93F348}.Release|Any CPU.ActiveCfg = Release|Any CPU
		{BAEAACC9-9571-47AB-BECB-85A6FF93F348}.Release|Any CPU.Build.0 = Release|Any CPU
	EndGlobalSection
	GlobalSection(SolutionProperties) = preSolution
		HideSolutionNode = FALSE
	EndGlobalSection
	GlobalSection(ExtensibilityGlobals) = postSolution
		SolutionGuid = {B2C21D5A-6F24-4346-ABD0-40CF18916009}
	EndGlobalSection
EndGlobal
